
Microsoft Visual Studio Solution File, Format Version 12.00
# Visual Studio Version 16
VisualStudioVersion = 16.0.30804.86
MinimumVisualStudioVersion = 10.0.40219.1
Project("{FAE04EC0-301F-11D3-BF4B-00C04F79EFBC}") = "Rajesh Donepudi", "Rajesh Donepudi\Rajesh Donepudi.csproj", "{F2D672D2-4C97-48CC-B557-433F85958E9B}"
EndProject
Project("{FAE04EC0-301F-11D3-BF4B-00C04F79EFBC}") = "RD.Models", "RD.Models\RD.Models.csproj", "{C40E0329-0BD5-4F9E-B26A-99DBDA9B8A11}"
EndProject
Project("{FAE04EC0-301F-11D3-BF4B-00C04F79EFBC}") = "RD.DAl", "RD.DAl\RD.DAl.csproj", "{616E463C-6A77-4A61-930E-A53C5E8D2E9F}"
EndProject
Project("{FAE04EC0-301F-11D3-BF4B-00C04F79EFBC}") = "RD.BLL", "RD.BLL\RD.BLL.csproj", "{AB2DBCA0-8D4A-4C82-A6DF-9125A4DCFAD6}"
EndProject
Global
	GlobalSection(SolutionConfigurationPlatforms) = preSolution
		Debug|Any CPU = Debug|Any CPU
		Release|Any CPU = Release|Any CPU
	EndGlobalSection
	GlobalSection(ProjectConfigurationPlatforms) = postSolution
		{F2D672D2-4C97-48CC-B557-433F85958E9B}.Debug|Any CPU.ActiveCfg = Debug|Any CPU
		{F2D672D2-4C97-48CC-B557-433F85958E9B}.Debug|Any CPU.Build.0 = Debug|Any CPU
		{F2D672D2-4C97-48CC-B557-433F85958E9B}.Release|Any CPU.ActiveCfg = Release|Any CPU
		{F2D672D2-4C97-48CC-B557-433F85958E9B}.Release|Any CPU.Build.0 = Release|Any CPU
		{C40E0329-0BD5-4F9E-B26A-99DBDA9B8A11}.Debug|Any CPU.ActiveCfg = Debug|Any CPU
		{C40E0329-0BD5-4F9E-B26A-99DBDA9B8A11}.Debug|Any CPU.Build.0 = Debug|Any CPU
		{C40E0329-0BD5-4F9E-B26A-99DBDA9B8A11}.Release|Any CPU.ActiveCfg = Release|Any CPU
		{C40E0329-0BD5-4F9E-B26A-99DBDA9B8A11}.Release|Any CPU.Build.0 = Release|Any CPU
		{616E463C-6A77-4A61-930E-A53C5E8D2E9F}.Debug|Any CPU.ActiveCfg = Debug|Any CPU
		{616E463C-6A77-4A61-930E-A53C5E8D2E9F}.Debug|Any CPU.Build.0 = Debug|Any CPU
		{616E463C-6A77-4A61-930E-A53C5E8D2E9F}.Release|Any CPU.ActiveCfg = Release|Any CPU
		{616E463C-6A77-4A61-930E-A53C5E8D2E9F}.Release|Any CPU.Build.0 = Release|Any CPU
		{AB2DBCA0-8D4A-4C82-A6DF-9125A4DCFAD6}.Debug|Any CPU.ActiveCfg = Debug|Any CPU
		{AB2DBCA0-8D4A-4C82-A6DF-9125A4DCFAD6}.Debug|Any CPU.Build.0 = Debug|Any CPU
		{AB2DBCA0-8D4A-4C82-A6DF-9125A4DCFAD6}.Release|Any CPU.ActiveCfg = Release|Any CPU
		{AB2DBCA0-8D4A-4C82-A6DF-9125A4DCFAD6}.Release|Any CPU.Build.0 = Release|Any CPU
	EndGlobalSection
	GlobalSection(SolutionProperties) = preSolution
		HideSolutionNode = FALSE
	EndGlobalSection
	GlobalSection(ExtensibilityGlobals) = postSolution
		SolutionGuid = {B0A703C7-051A-4B92-908C-204A33D3FE49}
	EndGlobalSection
EndGlobal
